
Microsoft Visual Studio Solution File, Format Version 12.00
# Visual Studio Version 17
VisualStudioVersion = 17.8.34408.163
MinimumVisualStudioVersion = 10.0.40219.1
Project("{9A19103F-16F7-4668-BE54-9A1E7A4F7556}") = "Training.Kata", "Training.Kata\Training.Kata.csproj", "{AA1CA85D-CBA6-4628-BB4F-7253B02DB1C0}"
EndProject
Project("{9A19103F-16F7-4668-BE54-9A1E7A4F7556}") = "Training.Kata.BarcodeScanner.Api", "Training.Kata.BarcodeScanner.Api\Training.Kata.BarcodeScanner.Api.csproj", "{4840B4ED-C927-44A9-A7CF-4166E013B07F}"
EndProject
Project("{9A19103F-16F7-4668-BE54-9A1E7A4F7556}") = "Training.Kata.Minesweeper.Api", "Training.Kata.Minesweeper.Api\Training.Kata.Minesweeper.Api.csproj", "{14B555C1-528C-4EFE-AEC4-A7AD4C2E1652}"
EndProject
Project("{9A19103F-16F7-4668-BE54-9A1E7A4F7556}") = "Training.Kata.Snake", "Training.Kata.Snake\Training.Kata.Snake.csproj", "{7C6A36A9-5195-48E8-AB58-4C57DE33F9B8}"
EndProject
Project("{9A19103F-16F7-4668-BE54-9A1E7A4F7556}") = "Training.Kata.Tetris", "Training.Kata.Tetris\Training.Kata.Tetris.csproj", "{2A13E477-8A40-47F4-BF36-C884803E82D5}"
EndProject
Project("{9A19103F-16F7-4668-BE54-9A1E7A4F7556}") = "Training.Kata.ConsoleGui", "Training.Kata.ConsoleGui\Training.Kata.ConsoleGui.csproj", "{4E979FBA-AA00-457B-B5B5-56C7A6E65898}"
EndProject
Project("{9A19103F-16F7-4668-BE54-9A1E7A4F7556}") = "Training.Kata.ConsoleGui.Test", "Training.Kata.ConsoleGui.Test\Training.Kata.ConsoleGui.Test.csproj", "{A9E33AB4-30C6-465F-8B94-C34FF3270BEA}"
EndProject
Project("{9A19103F-16F7-4668-BE54-9A1E7A4F7556}") = "Volue.BattleShips.Api", "Volue.BattleShips.Api\Volue.BattleShips.Api.csproj", "{040CA44B-9361-4C7C-A5D7-0E0D3574BD0C}"
EndProject
Project("{FAE04EC0-301F-11D3-BF4B-00C04F79EFBC}") = "Training.Kata.Battleships.API", "Training.Kata.Battleships.API\Training.Kata.Battleships.API.csproj", "{6D048C49-90DD-4B1A-929C-ABF913917B0D}"
EndProject
Project("{FAE04EC0-301F-11D3-BF4B-00C04F79EFBC}") = "Training.Kata.Battleships.Core", "Training.Kata.Battleships.Core\Training.Kata.Battleships.Core.csproj", "{C8DDDC20-D7EC-4C97-AF99-8826BFF1C6F6}"
EndProject
Project("{FAE04EC0-301F-11D3-BF4B-00C04F79EFBC}") = "Training.Kata.Battleships.Core.Test", "Training.Kata.Battleships.Core.Test\Training.Kata.Battleships.Core.Test.csproj", "{AA11FE40-5ED0-4A26-93AE-8C930961EB95}"
EndProject
Global
	GlobalSection(SolutionConfigurationPlatforms) = preSolution
		Debug|Any CPU = Debug|Any CPU
		Release|Any CPU = Release|Any CPU
	EndGlobalSection
	GlobalSection(ProjectConfigurationPlatforms) = postSolution
		{AA1CA85D-CBA6-4628-BB4F-7253B02DB1C0}.Debug|Any CPU.ActiveCfg = Debug|Any CPU
		{AA1CA85D-CBA6-4628-BB4F-7253B02DB1C0}.Debug|Any CPU.Build.0 = Debug|Any CPU
		{AA1CA85D-CBA6-4628-BB4F-7253B02DB1C0}.Release|Any CPU.ActiveCfg = Release|Any CPU
		{AA1CA85D-CBA6-4628-BB4F-7253B02DB1C0}.Release|Any CPU.Build.0 = Release|Any CPU
		{4840B4ED-C927-44A9-A7CF-4166E013B07F}.Debug|Any CPU.ActiveCfg = Debug|Any CPU
		{4840B4ED-C927-44A9-A7CF-4166E013B07F}.Debug|Any CPU.Build.0 = Debug|Any CPU
		{4840B4ED-C927-44A9-A7CF-4166E013B07F}.Release|Any CPU.ActiveCfg = Release|Any CPU
		{4840B4ED-C927-44A9-A7CF-4166E013B07F}.Release|Any CPU.Build.0 = Release|Any CPU
		{14B555C1-528C-4EFE-AEC4-A7AD4C2E1652}.Debug|Any CPU.ActiveCfg = Debug|Any CPU
		{14B555C1-528C-4EFE-AEC4-A7AD4C2E1652}.Debug|Any CPU.Build.0 = Debug|Any CPU
		{14B555C1-528C-4EFE-AEC4-A7AD4C2E1652}.Release|Any CPU.ActiveCfg = Release|Any CPU
		{14B555C1-528C-4EFE-AEC4-A7AD4C2E1652}.Release|Any CPU.Build.0 = Release|Any CPU
		{7C6A36A9-5195-48E8-AB58-4C57DE33F9B8}.Debug|Any CPU.ActiveCfg = Debug|Any CPU
		{7C6A36A9-5195-48E8-AB58-4C57DE33F9B8}.Debug|Any CPU.Build.0 = Debug|Any CPU
		{7C6A36A9-5195-48E8-AB58-4C57DE33F9B8}.Release|Any CPU.ActiveCfg = Release|Any CPU
		{7C6A36A9-5195-48E8-AB58-4C57DE33F9B8}.Release|Any CPU.Build.0 = Release|Any CPU
		{2A13E477-8A40-47F4-BF36-C884803E82D5}.Debug|Any CPU.ActiveCfg = Debug|Any CPU
		{2A13E477-8A40-47F4-BF36-C884803E82D5}.Debug|Any CPU.Build.0 = Debug|Any CPU
		{2A13E477-8A40-47F4-BF36-C884803E82D5}.Release|Any CPU.ActiveCfg = Release|Any CPU
		{2A13E477-8A40-47F4-BF36-C884803E82D5}.Release|Any CPU.Build.0 = Release|Any CPU
		{4E979FBA-AA00-457B-B5B5-56C7A6E65898}.Debug|Any CPU.ActiveCfg = Debug|Any CPU
		{4E979FBA-AA00-457B-B5B5-56C7A6E65898}.Debug|Any CPU.Build.0 = Debug|Any CPU
		{4E979FBA-AA00-457B-B5B5-56C7A6E65898}.Release|Any CPU.ActiveCfg = Release|Any CPU
		{4E979FBA-AA00-457B-B5B5-56C7A6E65898}.Release|Any CPU.Build.0 = Release|Any CPU
		{A9E33AB4-30C6-465F-8B94-C34FF3270BEA}.Debug|Any CPU.ActiveCfg = Debug|Any CPU
		{A9E33AB4-30C6-465F-8B94-C34FF3270BEA}.Debug|Any CPU.Build.0 = Debug|Any CPU
		{A9E33AB4-30C6-465F-8B94-C34FF3270BEA}.Release|Any CPU.ActiveCfg = Release|Any CPU
		{A9E33AB4-30C6-465F-8B94-C34FF3270BEA}.Release|Any CPU.Build.0 = Release|Any CPU
		{040CA44B-9361-4C7C-A5D7-0E0D3574BD0C}.Debug|Any CPU.ActiveCfg = Debug|Any CPU
		{040CA44B-9361-4C7C-A5D7-0E0D3574BD0C}.Debug|Any CPU.Build.0 = Debug|Any CPU
		{040CA44B-9361-4C7C-A5D7-0E0D3574BD0C}.Release|Any CPU.ActiveCfg = Release|Any CPU
		{040CA44B-9361-4C7C-A5D7-0E0D3574BD0C}.Release|Any CPU.Build.0 = Release|Any CPU
		{6D048C49-90DD-4B1A-929C-ABF913917B0D}.Debug|Any CPU.ActiveCfg = Debug|Any CPU
		{6D048C49-90DD-4B1A-929C-ABF913917B0D}.Debug|Any CPU.Build.0 = Debug|Any CPU
		{6D048C49-90DD-4B1A-929C-ABF913917B0D}.Release|Any CPU.ActiveCfg = Release|Any CPU
		{6D048C49-90DD-4B1A-929C-ABF913917B0D}.Release|Any CPU.Build.0 = Release|Any CPU
		{C8DDDC20-D7EC-4C97-AF99-8826BFF1C6F6}.Debug|Any CPU.ActiveCfg = Debug|Any CPU
		{C8DDDC20-D7EC-4C97-AF99-8826BFF1C6F6}.Debug|Any CPU.Build.0 = Debug|Any CPU
		{C8DDDC20-D7EC-4C97-AF99-8826BFF1C6F6}.Release|Any CPU.ActiveCfg = Release|Any CPU
		{C8DDDC20-D7EC-4C97-AF99-8826BFF1C6F6}.Release|Any CPU.Build.0 = Release|Any CPU
		{AA11FE40-5ED0-4A26-93AE-8C930961EB95}.Debug|Any CPU.ActiveCfg = Debug|Any CPU
		{AA11FE40-5ED0-4A26-93AE-8C930961EB95}.Debug|Any CPU.Build.0 = Debug|Any CPU
		{AA11FE40-5ED0-4A26-93AE-8C930961EB95}.Release|Any CPU.ActiveCfg = Release|Any CPU
		{AA11FE40-5ED0-4A26-93AE-8C930961EB95}.Release|Any CPU.Build.0 = Release|Any CPU
	EndGlobalSection
	GlobalSection(SolutionProperties) = preSolution
		HideSolutionNode = FALSE
	EndGlobalSection
	GlobalSection(ExtensibilityGlobals) = postSolution
		SolutionGuid = {9DEB7D05-7BBC-4248-A296-4EABED90485D}
	EndGlobalSection
EndGlobal
